# This file is automatically @generated by Cargo.
# It is not intended for manual editing.
version = 4

[[package]]
name = "baseOS"
version = "0.0.1"
dependencies = [
 "bootloader",
 "limine_rs",
 "ministd",
]

[[package]]
name = "bootloader"
version = "0.1.0"
dependencies = [
 "limine_rs",
]

[[package]]
name = "limine_rs"
version = "0.1.0"

[[package]]
name = "ministd"
version = "0.1.0"
dependencies = [
 "bootloader",
 "limine_rs",
]
